{
  "version": "4",
  "remote": {
    "https://esm.sh/valibot@0.25.0": "9d629932f94eba639be82a94f8ca62bf9946ae0572832bffabc6a9094f3642c5",
    "https://esm.sh/valibot@0.25.0/denonext/valibot.mjs": "f5ab884a89bb2bf32578b3868e0c8b5ffd8fd4098d809b3335de103f8372a17a",
    "https://esm.sh/valibot@1.1.0": "8f5913db9123850bdc6b93509cf7c2c4e60b25011942448f49455dc462386c70",
    "https://esm.sh/valibot@1.1.0/denonext/valibot.mjs": "0d42311a8e71abb91726412682846362c58c66f6be8d484f019021a94b4d3ca8"
  }
}
